
Microsoft Visual Studio Solution File, Format Version 12.00
# Visual Studio Version 17
VisualStudioVersion = 17.14.36414.22 d17.14
MinimumVisualStudioVersion = 10.0.40219.1
Project("{FAE04EC0-301F-11D3-BF4B-00C04F79EFBC}") = "Csharp_Nov_Step3", "Csharp_Nov_Step3\Csharp_Nov_Step3.csproj", "{06BB0A20-9A48-4A02-A1C9-0AA0EBB62C81}"
EndProject
Global
	GlobalSection(SolutionConfigurationPlatforms) = preSolution
		Debug|Any CPU = Debug|Any CPU
		Release|Any CPU = Release|Any CPU
	EndGlobalSection
	GlobalSection(ProjectConfigurationPlatforms) = postSolution
		{06BB0A20-9A48-4A02-A1C9-0AA0EBB62C81}.Debug|Any CPU.ActiveCfg = Debug|Any CPU
		{06BB0A20-9A48-4A02-A1C9-0AA0EBB62C81}.Debug|Any CPU.Build.0 = Debug|Any CPU
		{06BB0A20-9A48-4A02-A1C9-0AA0EBB62C81}.Release|Any CPU.ActiveCfg = Release|Any CPU
		{06BB0A20-9A48-4A02-A1C9-0AA0EBB62C81}.Release|Any CPU.Build.0 = Release|Any CPU
	EndGlobalSection
	GlobalSection(SolutionProperties) = preSolution
		HideSolutionNode = FALSE
	EndGlobalSection
	GlobalSection(ExtensibilityGlobals) = postSolution
		SolutionGuid = {289188CA-40C3-437B-91F1-59320D7ABF06}
	EndGlobalSection
EndGlobal
